
Microsoft Visual Studio Solution File, Format Version 12.00
# Visual Studio Version 16
VisualStudioVersion = 16.0.29411.108
MinimumVisualStudioVersion = 10.0.40219.1
Project("{FAE04EC0-301F-11D3-BF4B-00C04F79EFBC}") = "TaskScheduler", "TaskScheduler\TaskScheduler.csproj", "{4E06596C-F302-4A34-8B7B-F801B466898A}"
EndProject
Project("{FAE04EC0-301F-11D3-BF4B-00C04F79EFBC}") = "TaskCore", "TaskCore\TaskCore.csproj", "{A4145849-19B3-491A-AC7A-A4126EE6C967}"
EndProject
Project("{FAE04EC0-301F-11D3-BF4B-00C04F79EFBC}") = "TaskChecker", "TaskChecker\TaskChecker.csproj", "{6BF9B40B-06FC-4C37-B87A-3E3AA0EDA443}"
EndProject
Global
	GlobalSection(SolutionConfigurationPlatforms) = preSolution
		Debug|Any CPU = Debug|Any CPU
		Release|Any CPU = Release|Any CPU
	EndGlobalSection
	GlobalSection(ProjectConfigurationPlatforms) = postSolution
		{4E06596C-F302-4A34-8B7B-F801B466898A}.Debug|Any CPU.ActiveCfg = Debug|Any CPU
		{4E06596C-F302-4A34-8B7B-F801B466898A}.Debug|Any CPU.Build.0 = Debug|Any CPU
		{4E06596C-F302-4A34-8B7B-F801B466898A}.Release|Any CPU.ActiveCfg = Release|Any CPU
		{4E06596C-F302-4A34-8B7B-F801B466898A}.Release|Any CPU.Build.0 = Release|Any CPU
		{A4145849-19B3-491A-AC7A-A4126EE6C967}.Debug|Any CPU.ActiveCfg = Debug|Any CPU
		{A4145849-19B3-491A-AC7A-A4126EE6C967}.Debug|Any CPU.Build.0 = Debug|Any CPU
		{A4145849-19B3-491A-AC7A-A4126EE6C967}.Release|Any CPU.ActiveCfg = Release|Any CPU
		{A4145849-19B3-491A-AC7A-A4126EE6C967}.Release|Any CPU.Build.0 = Release|Any CPU
		{6BF9B40B-06FC-4C37-B87A-3E3AA0EDA443}.Debug|Any CPU.ActiveCfg = Debug|Any CPU
		{6BF9B40B-06FC-4C37-B87A-3E3AA0EDA443}.Debug|Any CPU.Build.0 = Debug|Any CPU
		{6BF9B40B-06FC-4C37-B87A-3E3AA0EDA443}.Release|Any CPU.ActiveCfg = Release|Any CPU
		{6BF9B40B-06FC-4C37-B87A-3E3AA0EDA443}.Release|Any CPU.Build.0 = Release|Any CPU
	EndGlobalSection
	GlobalSection(SolutionProperties) = preSolution
		HideSolutionNode = FALSE
	EndGlobalSection
	GlobalSection(ExtensibilityGlobals) = postSolution
		SolutionGuid = {58EAEE03-C37B-4606-A2A8-2F74E2FD3F3A}
	EndGlobalSection
EndGlobal
